// !$*UTF8*$!
{
	archiveVersion = 1;
	classes = {
	};
	objectVersion = 46;
	objects = {

/* Begin PBXBuildFile section */
		21D3F7A71E8B8893004975BB /* AppDelegate.swift in Sources */ = {isa = PBXBuildFile; fileRef = 21D3F7A61E8B8893004975BB /* AppDelegate.swift */; };
		21D3F7A91E8B8893004975BB /* ViewController.swift in Sources */ = {isa = PBXBuildFile; fileRef = 21D3F7A81E8B8893004975BB /* ViewController.swift */; };
		21D3F7AC1E8B8893004975BB /* Main.storyboard in Resources */ = {isa = PBXBuildFile; fileRef = 21D3F7AA1E8B8893004975BB /* Main.storyboard */; };
		21D3F7AE1E8B8893004975BB /* Assets.xcassets in Resources */ = {isa = PBXBuildFile; fileRef = 21D3F7AD1E8B8893004975BB /* Assets.xcassets */; };
		21D3F7B11E8B8893004975BB /* LaunchScreen.storyboard in Resources */ = {isa = PBXBuildFile; fileRef = 21D3F7AF1E8B8893004975BB /* LaunchScreen.storyboard */; };
/* End PBXBuildFile section */

/* Begin PBXFileReference section */
		21D3F7A31E8B8893004975BB /* DiscountSearcher.app */ = {isa = PBXFileReference; explicitFileType = wrapper.application; includeInIndex = 0; path = DiscountSearcher.app; sourceTree = BUILT_PRODUCTS_DIR; };
		21D3F7A61E8B8893004975BB /* AppDelegate.swift */ = {isa = PBXFileReference; lastKnownFileType = sourcecode.swift; path = AppDelegate.swift; sourceTree = "<group>"; };
		21D3F7A81E8B8893004975BB /* ViewController.swift */ = {isa = PBXFileReference; lastKnownFileType = sourcecode.swift; path = ViewController.swift; sourceTree = "<group>"; };
		21D3F7AB1E8B8893004975BB /* Base */ = {isa = PBXFileReference; lastKnownFileType = file.storyboard; name = Base; path = Base.lproj/Main.storyboard; sourceTree = "<group>"; };
		21D3F7AD1E8B8893004975BB /* Assets.xcassets */ = {isa = PBXFileReference; lastKnownFileType = folder.assetcatalog; path = Assets.xcassets; sourceTree = "<group>"; };
		21D3F7B01E8B8893004975BB /* Base */ = {isa = PBXFileReference; lastKnownFileType = file.storyboard; name = Base; path = Base.lproj/LaunchScreen.storyboard; sourceTree = "<group>"; };
		21D3F7B21E8B8893004975BB /* Info.plist */ = {isa = PBXFileReference; lastKnownFileType = text.plist.xml; path = Info.plist; sourceTree = "<group>"; };
/* End PBXFileReference section */

/* Begin PBXFrameworksBuildPhase section */
		21D3F7A01E8B8893004975BB /* Frameworks */ = {
			isa = PBXFrameworksBuildPhase;
			buildActionMask = 2147483647;
			files = (
			);
			runOnlyForDeploymentPostprocessing = 0;
		};
/* End PBXFrameworksBuildPhase section */

/* Begin PBXGroup section */
		21D3F79A1E8B8892004975BB = {
			isa = PBXGroup;
			children = (
				21D3F7A51E8B8893004975BB /* DiscountSearcher */,
				21D3F7A41E8B8893004975BB /* Products */,
			);
			sourceTree = "<group>";
		};
		21D3F7A41E8B8893004975BB /* Products */ = {
			isa = PBXGroup;
			children = (
				21D3F7A31E8B8893004975BB /* DiscountSearcher.app */,
			);
			name = Products;
			sourceTree = "<group>";
		};
		21D3F7A51E8B8893004975BB /* DiscountSearcher */ = {
			isa = PBXGroup;
			children = (
				21D3F7A61E8B8893004975BB /* AppDelegate.swift */,
				21D3F7A81E8B8893004975BB /* ViewController.swift */,
				21D3F7AA1E8B8893004975BB /* Main.storyboard */,
				21D3F7AD1E8B8893004975BB /* Assets.xcassets */,
				21D3F7AF1E8B8893004975BB /* LaunchScreen.storyboard */,
				21D3F7B21E8B8893004975BB /* Info.plist */,
			);
			path = DiscountSearcher;
			sourceTree = "<group>";
		};
/* End PBXGroup section */

/* Begin PBXNativeTarget section */
		21D3F7A21E8B8893004975BB /* DiscountSearcher */ = {
			isa = PBXNativeTarget;
			buildConfigurationList = 21D3F7B51E8B8893004975BB /* Build configuration list for PBXNativeTarget "DiscountSearcher" */;
			buildPhases = (
				21D3F79F1E8B8893004975BB /* Sources */,
				21D3F7A01E8B8893004975BB /* Frameworks */,
				21D3F7A11E8B8893004975BB /* Resources */,
			);
			buildRules = (
			);
			dependencies = (
			);
			name = DiscountSearcher;
			productName = DiscountSearcher;
			productReference = 21D3F7A31E8B8893004975BB /* DiscountSearcher.app */;
			productType = "com.apple.product-type.application";
		};
/* End PBXNativeTarget section */

/* Begin PBXProject section */
		21D3F79B1E8B8892004975BB /* Project object */ = {
			isa = PBXProject;
			attributes = {
				LastSwiftUpdateCheck = 0820;
				LastUpgradeCheck = 0820;
				ORGANIZATIONNAME = LeonTse;
				TargetAttributes = {
					21D3F7A21E8B8893004975BB = {
						CreatedOnToolsVersion = 8.2.1;
						DevelopmentTeam = 8SJWF8EL5B;
						ProvisioningStyle = Automatic;
					};
				};
			};
			buildConfigurationList = 21D3F79E1E8B8892004975BB /* Build configuration list for PBXProject "DiscountSearcher" */;
			compatibilityVersion = "Xcode 3.2";
			developmentRegion = English;
			hasScannedForEncodings = 0;
			knownRegions = (
				en,
				Base,
			);
			mainGroup = 21D3F79A1E8B8892004975BB;
			productRefGroup = 21D3F7A41E8B8893004975BB /* Products */;
			projectDirPath = "";
			projectRoot = "";
			targets = (
				21D3F7A21E8B8893004975BB /* DiscountSearcher */,
			);
		};
/* End PBXProject section */

/* Begin PBXResourcesBuildPhase section */
		21D3F7A11E8B8893004975BB /* Resources */ = {
			isa = PBXResourcesBuildPhase;
			buildActionMask = 2147483647;
			files = (
				21D3F7B11E8B8893004975BB /* LaunchScreen.storyboard in Resources */,
				21D3F7AE1E8B8893004975BB /* Assets.xcassets in Resources */,
				21D3F7AC1E8B8893004975BB /* Main.storyboard in Resources */,
			);
			runOnlyForDeploymentPostprocessing = 0;
		};
/* End PBXResourcesBuildPhase section */

/* Begin PBXSourcesBuildPhase section */
		21D3F79F1E8B8893004975BB /* Sources */ = {
			isa = PBXSourcesBuildPhase;
			buildActionMask = 2147483647;
			files = (
				21D3F7A91E8B8893004975BB /* ViewController.swift in Sources */,
				21D3F7A71E8B8893004975BB /* AppDelegate.swift in Sources */,
			);
			runOnlyForDeploymentPostprocessing = 0;
		};
/* End PBXSourcesBuildPhase section */

/* Begin PBXVariantGroup section */
		21D3F7AA1E8B8893004975BB /* Main.storyboard */ = {
			isa = PBXVariantGroup;
			children = (
				21D3F7AB1E8B8893004975BB /* Base */,
			);
			name = Main.storyboard;
			sourceTree = "<group>";
		};
		21D3F7AF1E8B8893004975BB /* LaunchScreen.storyboard */ = {
			isa = PBXVariantGroup;
			children = (
				21D3F7B01E8B8893004975BB /* Base */,
			);
			name = LaunchScreen.storyboard;
			sourceTree = "<group>";
		};
/* End PBXVariantGroup section */

/* Begin XCBuildConfiguration section */
		21D3F7B31E8B8893004975BB /* Debug */ = {
			isa = XCBuildConfiguration;
			buildSettings = {
				ALWAYS_SEARCH_USER_PATHS = NO;
				CLANG_ANALYZER_NONNULL = YES;
				CLANG_CXX_LANGUAGE_STANDARD = "gnu++0x";
				CLANG_CXX_LIBRARY = "libc++";
				CLANG_ENABLE_MODULES = YES;
				CLANG_ENABLE_OBJC_ARC = YES;
				CLANG_WARN_BOOL_CONVERSION = YES;
				CLANG_WARN_CONSTANT_CONVERSION = YES;
				CLANG_WARN_DIRECT_OBJC_ISA_USAGE = YES_ERROR;
				CLANG_WARN_DOCUMENTATION_COMMENTS = YES;
				CLANG_WARN_EMPTY_BODY = YES;
				CLANG_WARN_ENUM_CONVERSION = YES;
				CLANG_WARN_INFINITE_RECURSION = YES;
				CLANG_WARN_INT_CONVERSION = YES;
				CLANG_WARN_OBJC_ROOT_CLASS = YES_ERROR;
				CLANG_WARN_SUSPICIOUS_MOVE = YES;
				CLANG_WARN_UNREACHABLE_CODE = YES;
				CLANG_WARN__DUPLICATE_METHOD_MATCH = YES;
				"CODE_SIGN_IDENTITY[sdk=iphoneos*]" = "iPhone Developer";
				COPY_PHASE_STRIP = NO;
				DEBUG_INFORMATION_FORMAT = dwarf;
				ENABLE_STRICT_OBJC_MSGSEND = YES;
				ENABLE_TESTABILITY = YES;
				GCC_C_LANGUAGE_STANDARD = gnu99;
				GCC_DYNAMIC_NO_PIC = NO;
				GCC_NO_COMMON_BLOCKS = YES;
				GCC_OPTIMIZATION_LEVEL = 0;
				GCC_PREPROCESSOR_DEFINITIONS = (
					"DEBUG=1",
					"$(inherited)",
				);
				GCC_WARN_64_TO_32_BIT_CONVERSION = YES;
				GCC_WARN_ABOUT_RETURN_TYPE = YES_ERROR;
				GCC_WARN_UNDECLARED_SELECTOR = YES;
				GCC_WARN_UNINITIALIZED_AUTOS = YES_AGGRESSIVE;
				GCC_WARN_UNUSED_FUNCTION = YES;
				GCC_WARN_UNUSED_VARIABLE = YES;
				IPHONEOS_DEPLOYMENT_TARGET = 10.2;
				MTL_ENABLE_DEBUG_INFO = YES;
				ONLY_ACTIVE_ARCH = YES;
				SDKROOT = iphoneos;
				SWIFT_ACTIVE_COMPILATION_CONDITIONS = DEBUG;
				SWIFT_OPTIMIZATION_LEVEL = "-Onone";
				TARGETED_DEVICE_FAMILY = "1,2";
			};
			name = Debug;
		};
		21D3F7B41E8B8893004975BB /* Release */ = {
			isa = XCBuildConfiguration;
			buildSettings = {
				ALWAYS_SEARCH_USER_PATHS = NO;
				CLANG_ANALYZER_NONNULL = YES;
				CLANG_CXX_LANGUAGE_STANDARD = "gnu++0x";
				CLANG_CXX_LIBRARY = "libc++";
				CLANG_ENABLE_MODULES = YES;
				CLANG_ENABLE_OBJC_ARC = YES;
				CLANG_WARN_BOOL_CONVERSION = YES;
				CLANG_WARN_CONSTANT_CONVERSION = YES;
				CLANG_WARN_DIRECT_OBJC_ISA_USAGE = YES_ERROR;
				CLANG_WARN_DOCUMENTATION_COMMENTS = YES;
				CLANG_WARN_EMPTY_BODY = YES;
				CLANG_WARN_ENUM_CONVERSION = YES;
				CLANG_WARN_INFINITE_RECURSION = YES;
				CLANG_WARN_INT_CONVERSION = YES;
				CLANG_WARN_OBJC_ROOT_CLASS = YES_ERROR;
				CLANG_WARN_SUSPICIOUS_MOVE = YES;
				CLANG_WARN_UNREACHABLE_CODE = YES;
				CLANG_WARN__DUPLICATE_METHOD_MATCH = YES;
				"CODE_SIGN_IDENTITY[sdk=iphoneos*]" = "iPhone Developer";
				COPY_PHASE_STRIP = NO;
				DEBUG_INFORMATION_FORMAT = "dwarf-with-dsym";
				ENABLE_NS_ASSERTIONS = NO;
				ENABLE_STRICT_OBJC_MSGSEND = YES;
				GCC_C_LANGUAGE_STANDARD = gnu99;
				GCC_NO_COMMON_BLOCKS = YES;
				GCC_WARN_64_TO_32_BIT_CONVERSION = YES;
				GCC_WARN_ABOUT_RETURN_TYPE = YES_ERROR;
				GCC_WARN_UNDECLARED_SELECTOR = YES;
				GCC_WARN_UNINITIALIZED_AUTOS = YES_AGGRESSIVE;
				GCC_WARN_UNUSED_FUNCTION = YES;
				GCC_WARN_UNUSED_VARIABLE = YES;
				IPHONEOS_DEPLOYMENT_TARGET = 10.2;
				MTL_ENABLE_DEBUG_INFO = NO;
				SDKROOT = iphoneos;
				SWIFT_OPTIMIZATION_LEVEL = "-Owholemodule";
				TARGETED_DEVICE_FAMILY = "1,2";
				VALIDATE_PRODUCT = YES;
			};
			name = Release;
		};
		21D3F7B61E8B8893004975BB /* Debug */ = {
			isa = XCBuildConfiguration;
			buildSettings = {
				ASSETCATALOG_COMPILER_APPICON_NAME = AppIcon;
				DEVELOPMENT_TEAM = 8SJWF8EL5B;
				INFOPLIST_FILE = DiscountSearcher/Info.plist;
				LD_RUNPATH_SEARCH_PATHS = "$(inherited) @executable_path/Frameworks";
				PRODUCT_BUNDLE_IDENTIFIER = com.leon.DiscountSearcher;
				PRODUCT_NAME = "$(TARGET_NAME)";
				SWIFT_VERSION = 3.0;
			};
			name = Debug;
		};
		21D3F7B71E8B8893004975BB /* Release */ = {
			isa = XCBuildConfiguration;
			buildSettings = {
				ASSETCATALOG_COMPILER_APPICON_NAME = AppIcon;
				DEVELOPMENT_TEAM = 8SJWF8EL5B;
				INFOPLIST_FILE = DiscountSearcher/Info.plist;
				LD_RUNPATH_SEARCH_PATHS = "$(inherited) @executable_path/Frameworks";
				PRODUCT_BUNDLE_IDENTIFIER = com.leon.DiscountSearcher;
				PRODUCT_NAME = "$(TARGET_NAME)";
				SWIFT_VERSION = 3.0;
			};
			name = Release;
		};
/* End XCBuildConfiguration section */

/* Begin XCConfigurationList section */
		21D3F79E1E8B8892004975BB /* Build configuration list for PBXProject "DiscountSearcher" */ = {
			isa = XCConfigurationList;
			buildConfigurations = (
				21D3F7B31E8B8893004975BB /* Debug */,
				21D3F7B41E8B8893004975BB /* Release */,
			);
			defaultConfigurationIsVisible = 0;
			defaultConfigurationName = Release;
		};
		21D3F7B51E8B8893004975BB /* Build configuration list for PBXNativeTarget "DiscountSearcher" */ = {
			isa = XCConfigurationList;
			buildConfigurations = (
				21D3F7B61E8B8893004975BB /* Debug */,
				21D3F7B71E8B8893004975BB /* Release */,
			);
			defaultConfigurationIsVisible = 0;
		};
/* End XCConfigurationList section */
	};
	rootObject = 21D3F79B1E8B8892004975BB /* Project object */;
}
