// !$*UTF8*$!
{
	archiveVersion = 1;
	classes = {
	};
	objectVersion = 46;
	objects = {

/* Begin PBXBuildFile section */
		2115EB9C1E9E6A46005910EC /* MeituanSearcher.swift in Sources */ = {isa = PBXBuildFile; fileRef = 2115EB9B1E9E6A46005910EC /* MeituanSearcher.swift */; };
		215F8F651EA76F5C00146FFE /* Searcher.swift in Sources */ = {isa = PBXBuildFile; fileRef = 215F8F641EA76F5C00146FFE /* Searcher.swift */; };
		215F8F671EA76FEA00146FFE /* SearchMetaData.swift in Sources */ = {isa = PBXBuildFile; fileRef = 215F8F661EA76FEA00146FFE /* SearchMetaData.swift */; };
		215F8F691EA775BB00146FFE /* SearcherConfigs.swift in Sources */ = {isa = PBXBuildFile; fileRef = 215F8F681EA775BB00146FFE /* SearcherConfigs.swift */; };
		2165B5D81EBB0DFC00720EE1 /* NuomiSearcher.swift in Sources */ = {isa = PBXBuildFile; fileRef = 2165B5D71EBB0DFC00720EE1 /* NuomiSearcher.swift */; };
		21D3F7A71E8B8893004975BB /* AppDelegate.swift in Sources */ = {isa = PBXBuildFile; fileRef = 21D3F7A61E8B8893004975BB /* AppDelegate.swift */; };
		21D3F7A91E8B8893004975BB /* ViewController.swift in Sources */ = {isa = PBXBuildFile; fileRef = 21D3F7A81E8B8893004975BB /* ViewController.swift */; };
		21D3F7AC1E8B8893004975BB /* Main.storyboard in Resources */ = {isa = PBXBuildFile; fileRef = 21D3F7AA1E8B8893004975BB /* Main.storyboard */; };
		21D3F7AE1E8B8893004975BB /* Assets.xcassets in Resources */ = {isa = PBXBuildFile; fileRef = 21D3F7AD1E8B8893004975BB /* Assets.xcassets */; };
		21D3F7B11E8B8893004975BB /* LaunchScreen.storyboard in Resources */ = {isa = PBXBuildFile; fileRef = 21D3F7AF1E8B8893004975BB /* LaunchScreen.storyboard */; };
		21E22B721EC5889900C4B4F8 /* BankCommSearcher.swift in Sources */ = {isa = PBXBuildFile; fileRef = 21E22B711EC5889900C4B4F8 /* BankCommSearcher.swift */; };
		21F808261EA78B9600CCAB0B /* DiscountSearcherUnitTests.swift in Sources */ = {isa = PBXBuildFile; fileRef = 21F808251EA78B9600CCAB0B /* DiscountSearcherUnitTests.swift */; };
		21F8082D1EA78C6A00CCAB0B /* SearcherConfigsUnitTests.swift in Sources */ = {isa = PBXBuildFile; fileRef = 215F8F6A1EA78A9C00146FFE /* SearcherConfigsUnitTests.swift */; };
		21F808421EADA6BF00CCAB0B /* SearchManager.swift in Sources */ = {isa = PBXBuildFile; fileRef = 21F808411EADA6BF00CCAB0B /* SearchManager.swift */; };
		21F808451EADE25E00CCAB0B /* SearcherManagerUnitTests.swift in Sources */ = {isa = PBXBuildFile; fileRef = 21F808441EADE25E00CCAB0B /* SearcherManagerUnitTests.swift */; };
		320EECFD7CC14981DD27D8B4 /* Pods_DiscountSearcher.framework in Frameworks */ = {isa = PBXBuildFile; fileRef = B996345E86079ACAC1FB58C9 /* Pods_DiscountSearcher.framework */; };
/* End PBXBuildFile section */

/* Begin PBXContainerItemProxy section */
		21F808281EA78B9600CCAB0B /* PBXContainerItemProxy */ = {
			isa = PBXContainerItemProxy;
			containerPortal = 21D3F79B1E8B8892004975BB /* Project object */;
			proxyType = 1;
			remoteGlobalIDString = 21D3F7A21E8B8893004975BB;
			remoteInfo = DiscountSearcher;
		};
/* End PBXContainerItemProxy section */

/* Begin PBXFileReference section */
		0DD19296D4C08C05A68DE000 /* Pods-DiscountSearcher.release.xcconfig */ = {isa = PBXFileReference; includeInIndex = 1; lastKnownFileType = text.xcconfig; name = "Pods-DiscountSearcher.release.xcconfig"; path = "Pods/Target Support Files/Pods-DiscountSearcher/Pods-DiscountSearcher.release.xcconfig"; sourceTree = "<group>"; };
		2115EB9B1E9E6A46005910EC /* MeituanSearcher.swift */ = {isa = PBXFileReference; fileEncoding = 4; lastKnownFileType = sourcecode.swift; path = MeituanSearcher.swift; sourceTree = "<group>"; };
		215F8F641EA76F5C00146FFE /* Searcher.swift */ = {isa = PBXFileReference; fileEncoding = 4; lastKnownFileType = sourcecode.swift; path = Searcher.swift; sourceTree = "<group>"; };
		215F8F661EA76FEA00146FFE /* SearchMetaData.swift */ = {isa = PBXFileReference; fileEncoding = 4; lastKnownFileType = sourcecode.swift; path = SearchMetaData.swift; sourceTree = "<group>"; };
		215F8F681EA775BB00146FFE /* SearcherConfigs.swift */ = {isa = PBXFileReference; fileEncoding = 4; lastKnownFileType = sourcecode.swift; path = SearcherConfigs.swift; sourceTree = "<group>"; };
		215F8F6A1EA78A9C00146FFE /* SearcherConfigsUnitTests.swift */ = {isa = PBXFileReference; fileEncoding = 4; lastKnownFileType = sourcecode.swift; name = SearcherConfigsUnitTests.swift; path = ../DiscountSeacherTests/SearcherConfigsUnitTests.swift; sourceTree = "<group>"; };
		2165B5D71EBB0DFC00720EE1 /* NuomiSearcher.swift */ = {isa = PBXFileReference; fileEncoding = 4; lastKnownFileType = sourcecode.swift; name = NuomiSearcher.swift; path = Searcher/NuomiSearcher.swift; sourceTree = "<group>"; };
		21D3F7A31E8B8893004975BB /* DiscountSearcher.app */ = {isa = PBXFileReference; explicitFileType = wrapper.application; includeInIndex = 0; path = DiscountSearcher.app; sourceTree = BUILT_PRODUCTS_DIR; };
		21D3F7A61E8B8893004975BB /* AppDelegate.swift */ = {isa = PBXFileReference; lastKnownFileType = sourcecode.swift; path = AppDelegate.swift; sourceTree = "<group>"; };
		21D3F7A81E8B8893004975BB /* ViewController.swift */ = {isa = PBXFileReference; lastKnownFileType = sourcecode.swift; path = ViewController.swift; sourceTree = "<group>"; };
		21D3F7AB1E8B8893004975BB /* Base */ = {isa = PBXFileReference; lastKnownFileType = file.storyboard; name = Base; path = Base.lproj/Main.storyboard; sourceTree = "<group>"; };
		21D3F7AD1E8B8893004975BB /* Assets.xcassets */ = {isa = PBXFileReference; lastKnownFileType = folder.assetcatalog; path = Assets.xcassets; sourceTree = "<group>"; };
		21D3F7B01E8B8893004975BB /* Base */ = {isa = PBXFileReference; lastKnownFileType = file.storyboard; name = Base; path = Base.lproj/LaunchScreen.storyboard; sourceTree = "<group>"; };
		21D3F7B21E8B8893004975BB /* Info.plist */ = {isa = PBXFileReference; lastKnownFileType = text.plist.xml; path = Info.plist; sourceTree = "<group>"; };
		21E22B711EC5889900C4B4F8 /* BankCommSearcher.swift */ = {isa = PBXFileReference; fileEncoding = 4; lastKnownFileType = sourcecode.swift; name = BankCommSearcher.swift; path = Searcher/BankCommSearcher.swift; sourceTree = "<group>"; };
		21F808231EA78B9600CCAB0B /* DiscountSearcherTests.xctest */ = {isa = PBXFileReference; explicitFileType = wrapper.cfbundle; includeInIndex = 0; path = DiscountSearcherTests.xctest; sourceTree = BUILT_PRODUCTS_DIR; };
		21F808251EA78B9600CCAB0B /* DiscountSearcherUnitTests.swift */ = {isa = PBXFileReference; lastKnownFileType = sourcecode.swift; path = DiscountSearcherUnitTests.swift; sourceTree = "<group>"; };
		21F808271EA78B9600CCAB0B /* Info.plist */ = {isa = PBXFileReference; lastKnownFileType = text.plist.xml; path = Info.plist; sourceTree = "<group>"; };
		21F808411EADA6BF00CCAB0B /* SearchManager.swift */ = {isa = PBXFileReference; fileEncoding = 4; lastKnownFileType = sourcecode.swift; path = SearchManager.swift; sourceTree = "<group>"; };
		21F808441EADE25E00CCAB0B /* SearcherManagerUnitTests.swift */ = {isa = PBXFileReference; fileEncoding = 4; lastKnownFileType = sourcecode.swift; path = SearcherManagerUnitTests.swift; sourceTree = "<group>"; };
		4B17B34B139E5770A7FA93E2 /* Pods-DiscountSearcher.debug.xcconfig */ = {isa = PBXFileReference; includeInIndex = 1; lastKnownFileType = text.xcconfig; name = "Pods-DiscountSearcher.debug.xcconfig"; path = "Pods/Target Support Files/Pods-DiscountSearcher/Pods-DiscountSearcher.debug.xcconfig"; sourceTree = "<group>"; };
		B996345E86079ACAC1FB58C9 /* Pods_DiscountSearcher.framework */ = {isa = PBXFileReference; explicitFileType = wrapper.framework; includeInIndex = 0; path = Pods_DiscountSearcher.framework; sourceTree = BUILT_PRODUCTS_DIR; };
/* End PBXFileReference section */

/* Begin PBXFrameworksBuildPhase section */
		21D3F7A01E8B8893004975BB /* Frameworks */ = {
			isa = PBXFrameworksBuildPhase;
			buildActionMask = 2147483647;
			files = (
				320EECFD7CC14981DD27D8B4 /* Pods_DiscountSearcher.framework in Frameworks */,
			);
			runOnlyForDeploymentPostprocessing = 0;
		};
		21F808201EA78B9600CCAB0B /* Frameworks */ = {
			isa = PBXFrameworksBuildPhase;
			buildActionMask = 2147483647;
			files = (
			);
			runOnlyForDeploymentPostprocessing = 0;
		};
/* End PBXFrameworksBuildPhase section */

/* Begin PBXGroup section */
		2165B5D91EBB0E0200720EE1 /* Searcher */ = {
			isa = PBXGroup;
			children = (
				215F8F641EA76F5C00146FFE /* Searcher.swift */,
				2165B5D71EBB0DFC00720EE1 /* NuomiSearcher.swift */,
				2115EB9B1E9E6A46005910EC /* MeituanSearcher.swift */,
				21E22B711EC5889900C4B4F8 /* BankCommSearcher.swift */,
			);
			name = Searcher;
			sourceTree = "<group>";
		};
		21D3F79A1E8B8892004975BB = {
			isa = PBXGroup;
			children = (
				21D3F7A51E8B8893004975BB /* DiscountSearcher */,
				21F808241EA78B9600CCAB0B /* DiscountSearcherTests */,
				21D3F7A41E8B8893004975BB /* Products */,
				2F673F70A33D7CDB4A56DBE6 /* Pods */,
				C815658FFB3A4AB41543D69D /* Frameworks */,
			);
			sourceTree = "<group>";
		};
		21D3F7A41E8B8893004975BB /* Products */ = {
			isa = PBXGroup;
			children = (
				21D3F7A31E8B8893004975BB /* DiscountSearcher.app */,
				21F808231EA78B9600CCAB0B /* DiscountSearcherTests.xctest */,
			);
			name = Products;
			sourceTree = "<group>";
		};
		21D3F7A51E8B8893004975BB /* DiscountSearcher */ = {
			isa = PBXGroup;
			children = (
				2165B5D91EBB0E0200720EE1 /* Searcher */,
				21F808431EADD05600CCAB0B /* Model */,
				21D3F7A61E8B8893004975BB /* AppDelegate.swift */,
				21D3F7A81E8B8893004975BB /* ViewController.swift */,
				21F808411EADA6BF00CCAB0B /* SearchManager.swift */,
				21D3F7AA1E8B8893004975BB /* Main.storyboard */,
				21D3F7AD1E8B8893004975BB /* Assets.xcassets */,
				21D3F7AF1E8B8893004975BB /* LaunchScreen.storyboard */,
				21D3F7B21E8B8893004975BB /* Info.plist */,
			);
			path = DiscountSearcher;
			sourceTree = "<group>";
		};
		21F808241EA78B9600CCAB0B /* DiscountSearcherTests */ = {
			isa = PBXGroup;
			children = (
				215F8F6A1EA78A9C00146FFE /* SearcherConfigsUnitTests.swift */,
				21F808251EA78B9600CCAB0B /* DiscountSearcherUnitTests.swift */,
				21F808441EADE25E00CCAB0B /* SearcherManagerUnitTests.swift */,
				21F808271EA78B9600CCAB0B /* Info.plist */,
			);
			path = DiscountSearcherTests;
			sourceTree = "<group>";
		};
		21F808431EADD05600CCAB0B /* Model */ = {
			isa = PBXGroup;
			children = (
				215F8F661EA76FEA00146FFE /* SearchMetaData.swift */,
				215F8F681EA775BB00146FFE /* SearcherConfigs.swift */,
			);
			name = Model;
			sourceTree = "<group>";
		};
		2F673F70A33D7CDB4A56DBE6 /* Pods */ = {
			isa = PBXGroup;
			children = (
				4B17B34B139E5770A7FA93E2 /* Pods-DiscountSearcher.debug.xcconfig */,
				0DD19296D4C08C05A68DE000 /* Pods-DiscountSearcher.release.xcconfig */,
			);
			name = Pods;
			sourceTree = "<group>";
		};
		C815658FFB3A4AB41543D69D /* Frameworks */ = {
			isa = PBXGroup;
			children = (
				B996345E86079ACAC1FB58C9 /* Pods_DiscountSearcher.framework */,
			);
			name = Frameworks;
			sourceTree = "<group>";
		};
/* End PBXGroup section */

/* Begin PBXNativeTarget section */
		21D3F7A21E8B8893004975BB /* DiscountSearcher */ = {
			isa = PBXNativeTarget;
			buildConfigurationList = 21D3F7B51E8B8893004975BB /* Build configuration list for PBXNativeTarget "DiscountSearcher" */;
			buildPhases = (
				10019D13A2B97EAA0CFDEB4F /* [CP] Check Pods Manifest.lock */,
				21D3F79F1E8B8893004975BB /* Sources */,
				21D3F7A01E8B8893004975BB /* Frameworks */,
				21D3F7A11E8B8893004975BB /* Resources */,
				7E40DE5410E391659A075F78 /* [CP] Embed Pods Frameworks */,
				A079309B29AED1B148016514 /* [CP] Copy Pods Resources */,
			);
			buildRules = (
			);
			dependencies = (
			);
			name = DiscountSearcher;
			productName = DiscountSearcher;
			productReference = 21D3F7A31E8B8893004975BB /* DiscountSearcher.app */;
			productType = "com.apple.product-type.application";
		};
		21F808221EA78B9600CCAB0B /* DiscountSearcherTests */ = {
			isa = PBXNativeTarget;
			buildConfigurationList = 21F8082A1EA78B9600CCAB0B /* Build configuration list for PBXNativeTarget "DiscountSearcherTests" */;
			buildPhases = (
				21F8081F1EA78B9600CCAB0B /* Sources */,
				21F808201EA78B9600CCAB0B /* Frameworks */,
				21F808211EA78B9600CCAB0B /* Resources */,
			);
			buildRules = (
			);
			dependencies = (
				21F808291EA78B9600CCAB0B /* PBXTargetDependency */,
			);
			name = DiscountSearcherTests;
			productName = DiscountSearcherTests;
			productReference = 21F808231EA78B9600CCAB0B /* DiscountSearcherTests.xctest */;
			productType = "com.apple.product-type.bundle.unit-test";
		};
/* End PBXNativeTarget section */

/* Begin PBXProject section */
		21D3F79B1E8B8892004975BB /* Project object */ = {
			isa = PBXProject;
			attributes = {
				LastSwiftUpdateCheck = 0830;
				LastUpgradeCheck = 0820;
				ORGANIZATIONNAME = LeonTse;
				TargetAttributes = {
					21D3F7A21E8B8893004975BB = {
						CreatedOnToolsVersion = 8.2.1;
						DevelopmentTeam = 8SJWF8EL5B;
						ProvisioningStyle = Automatic;
					};
					21F808221EA78B9600CCAB0B = {
						CreatedOnToolsVersion = 8.3;
						DevelopmentTeam = 8SJWF8EL5B;
						ProvisioningStyle = Automatic;
						TestTargetID = 21D3F7A21E8B8893004975BB;
					};
				};
			};
			buildConfigurationList = 21D3F79E1E8B8892004975BB /* Build configuration list for PBXProject "DiscountSearcher" */;
			compatibilityVersion = "Xcode 3.2";
			developmentRegion = English;
			hasScannedForEncodings = 0;
			knownRegions = (
				en,
				Base,
			);
			mainGroup = 21D3F79A1E8B8892004975BB;
			productRefGroup = 21D3F7A41E8B8893004975BB /* Products */;
			projectDirPath = "";
			projectRoot = "";
			targets = (
				21D3F7A21E8B8893004975BB /* DiscountSearcher */,
				21F808221EA78B9600CCAB0B /* DiscountSearcherTests */,
			);
		};
/* End PBXProject section */

/* Begin PBXResourcesBuildPhase section */
		21D3F7A11E8B8893004975BB /* Resources */ = {
			isa = PBXResourcesBuildPhase;
			buildActionMask = 2147483647;
			files = (
				21D3F7B11E8B8893004975BB /* LaunchScreen.storyboard in Resources */,
				21D3F7AE1E8B8893004975BB /* Assets.xcassets in Resources */,
				21D3F7AC1E8B8893004975BB /* Main.storyboard in Resources */,
			);
			runOnlyForDeploymentPostprocessing = 0;
		};
		21F808211EA78B9600CCAB0B /* Resources */ = {
			isa = PBXResourcesBuildPhase;
			buildActionMask = 2147483647;
			files = (
			);
			runOnlyForDeploymentPostprocessing = 0;
		};
/* End PBXResourcesBuildPhase section */

/* Begin PBXShellScriptBuildPhase section */
		10019D13A2B97EAA0CFDEB4F /* [CP] Check Pods Manifest.lock */ = {
			isa = PBXShellScriptBuildPhase;
			buildActionMask = 2147483647;
			files = (
			);
			inputPaths = (
			);
			name = "[CP] Check Pods Manifest.lock";
			outputPaths = (
			);
			runOnlyForDeploymentPostprocessing = 0;
			shellPath = /bin/sh;
			shellScript = "diff \"${PODS_PODFILE_DIR_PATH}/Podfile.lock\" \"${PODS_ROOT}/Manifest.lock\" > /dev/null\nif [ $? != 0 ] ; then\n    # print error to STDERR\n    echo \"error: The sandbox is not in sync with the Podfile.lock. Run 'pod install' or update your CocoaPods installation.\" >&2\n    exit 1\nfi\n";
			showEnvVarsInLog = 0;
		};
		7E40DE5410E391659A075F78 /* [CP] Embed Pods Frameworks */ = {
			isa = PBXShellScriptBuildPhase;
			buildActionMask = 2147483647;
			files = (
			);
			inputPaths = (
			);
			name = "[CP] Embed Pods Frameworks";
			outputPaths = (
			);
			runOnlyForDeploymentPostprocessing = 0;
			shellPath = /bin/sh;
			shellScript = "\"${SRCROOT}/Pods/Target Support Files/Pods-DiscountSearcher/Pods-DiscountSearcher-frameworks.sh\"\n";
			showEnvVarsInLog = 0;
		};
		A079309B29AED1B148016514 /* [CP] Copy Pods Resources */ = {
			isa = PBXShellScriptBuildPhase;
			buildActionMask = 2147483647;
			files = (
			);
			inputPaths = (
			);
			name = "[CP] Copy Pods Resources";
			outputPaths = (
			);
			runOnlyForDeploymentPostprocessing = 0;
			shellPath = /bin/sh;
			shellScript = "\"${SRCROOT}/Pods/Target Support Files/Pods-DiscountSearcher/Pods-DiscountSearcher-resources.sh\"\n";
			showEnvVarsInLog = 0;
		};
/* End PBXShellScriptBuildPhase section */

/* Begin PBXSourcesBuildPhase section */
		21D3F79F1E8B8893004975BB /* Sources */ = {
			isa = PBXSourcesBuildPhase;
			buildActionMask = 2147483647;
			files = (
				21E22B721EC5889900C4B4F8 /* BankCommSearcher.swift in Sources */,
				215F8F671EA76FEA00146FFE /* SearchMetaData.swift in Sources */,
				2115EB9C1E9E6A46005910EC /* MeituanSearcher.swift in Sources */,
				21D3F7A91E8B8893004975BB /* ViewController.swift in Sources */,
				2165B5D81EBB0DFC00720EE1 /* NuomiSearcher.swift in Sources */,
				215F8F651EA76F5C00146FFE /* Searcher.swift in Sources */,
				215F8F691EA775BB00146FFE /* SearcherConfigs.swift in Sources */,
				21F808421EADA6BF00CCAB0B /* SearchManager.swift in Sources */,
				21D3F7A71E8B8893004975BB /* AppDelegate.swift in Sources */,
			);
			runOnlyForDeploymentPostprocessing = 0;
		};
		21F8081F1EA78B9600CCAB0B /* Sources */ = {
			isa = PBXSourcesBuildPhase;
			buildActionMask = 2147483647;
			files = (
				21F8082D1EA78C6A00CCAB0B /* SearcherConfigsUnitTests.swift in Sources */,
				21F808261EA78B9600CCAB0B /* DiscountSearcherUnitTests.swift in Sources */,
				21F808451EADE25E00CCAB0B /* SearcherManagerUnitTests.swift in Sources */,
			);
			runOnlyForDeploymentPostprocessing = 0;
		};
/* End PBXSourcesBuildPhase section */

/* Begin PBXTargetDependency section */
		21F808291EA78B9600CCAB0B /* PBXTargetDependency */ = {
			isa = PBXTargetDependency;
			target = 21D3F7A21E8B8893004975BB /* DiscountSearcher */;
			targetProxy = 21F808281EA78B9600CCAB0B /* PBXContainerItemProxy */;
		};
/* End PBXTargetDependency section */

/* Begin PBXVariantGroup section */
		21D3F7AA1E8B8893004975BB /* Main.storyboard */ = {
			isa = PBXVariantGroup;
			children = (
				21D3F7AB1E8B8893004975BB /* Base */,
			);
			name = Main.storyboard;
			sourceTree = "<group>";
		};
		21D3F7AF1E8B8893004975BB /* LaunchScreen.storyboard */ = {
			isa = PBXVariantGroup;
			children = (
				21D3F7B01E8B8893004975BB /* Base */,
			);
			name = LaunchScreen.storyboard;
			sourceTree = "<group>";
		};
/* End PBXVariantGroup section */

/* Begin XCBuildConfiguration section */
		21D3F7B31E8B8893004975BB /* Debug */ = {
			isa = XCBuildConfiguration;
			buildSettings = {
				ALWAYS_SEARCH_USER_PATHS = NO;
				CLANG_ANALYZER_NONNULL = YES;
				CLANG_CXX_LANGUAGE_STANDARD = "gnu++0x";
				CLANG_CXX_LIBRARY = "libc++";
				CLANG_ENABLE_MODULES = YES;
				CLANG_ENABLE_OBJC_ARC = YES;
				CLANG_WARN_BOOL_CONVERSION = YES;
				CLANG_WARN_CONSTANT_CONVERSION = YES;
				CLANG_WARN_DIRECT_OBJC_ISA_USAGE = YES_ERROR;
				CLANG_WARN_DOCUMENTATION_COMMENTS = YES;
				CLANG_WARN_EMPTY_BODY = YES;
				CLANG_WARN_ENUM_CONVERSION = YES;
				CLANG_WARN_INFINITE_RECURSION = YES;
				CLANG_WARN_INT_CONVERSION = YES;
				CLANG_WARN_OBJC_ROOT_CLASS = YES_ERROR;
				CLANG_WARN_SUSPICIOUS_MOVE = YES;
				CLANG_WARN_UNREACHABLE_CODE = YES;
				CLANG_WARN__DUPLICATE_METHOD_MATCH = YES;
				"CODE_SIGN_IDENTITY[sdk=iphoneos*]" = "iPhone Developer";
				COPY_PHASE_STRIP = NO;
				DEBUG_INFORMATION_FORMAT = dwarf;
				ENABLE_STRICT_OBJC_MSGSEND = YES;
				ENABLE_TESTABILITY = YES;
				GCC_C_LANGUAGE_STANDARD = gnu99;
				GCC_DYNAMIC_NO_PIC = NO;
				GCC_NO_COMMON_BLOCKS = YES;
				GCC_OPTIMIZATION_LEVEL = 0;
				GCC_PREPROCESSOR_DEFINITIONS = (
					"DEBUG=1",
					"$(inherited)",
				);
				GCC_WARN_64_TO_32_BIT_CONVERSION = YES;
				GCC_WARN_ABOUT_RETURN_TYPE = YES_ERROR;
				GCC_WARN_UNDECLARED_SELECTOR = YES;
				GCC_WARN_UNINITIALIZED_AUTOS = YES_AGGRESSIVE;
				GCC_WARN_UNUSED_FUNCTION = YES;
				GCC_WARN_UNUSED_VARIABLE = YES;
				IPHONEOS_DEPLOYMENT_TARGET = 10.2;
				MTL_ENABLE_DEBUG_INFO = YES;
				ONLY_ACTIVE_ARCH = YES;
				SDKROOT = iphoneos;
				SWIFT_ACTIVE_COMPILATION_CONDITIONS = DEBUG;
				SWIFT_OPTIMIZATION_LEVEL = "-Onone";
				TARGETED_DEVICE_FAMILY = "1,2";
			};
			name = Debug;
		};
		21D3F7B41E8B8893004975BB /* Release */ = {
			isa = XCBuildConfiguration;
			buildSettings = {
				ALWAYS_SEARCH_USER_PATHS = NO;
				CLANG_ANALYZER_NONNULL = YES;
				CLANG_CXX_LANGUAGE_STANDARD = "gnu++0x";
				CLANG_CXX_LIBRARY = "libc++";
				CLANG_ENABLE_MODULES = YES;
				CLANG_ENABLE_OBJC_ARC = YES;
				CLANG_WARN_BOOL_CONVERSION = YES;
				CLANG_WARN_CONSTANT_CONVERSION = YES;
				CLANG_WARN_DIRECT_OBJC_ISA_USAGE = YES_ERROR;
				CLANG_WARN_DOCUMENTATION_COMMENTS = YES;
				CLANG_WARN_EMPTY_BODY = YES;
				CLANG_WARN_ENUM_CONVERSION = YES;
				CLANG_WARN_INFINITE_RECURSION = YES;
				CLANG_WARN_INT_CONVERSION = YES;
				CLANG_WARN_OBJC_ROOT_CLASS = YES_ERROR;
				CLANG_WARN_SUSPICIOUS_MOVE = YES;
				CLANG_WARN_UNREACHABLE_CODE = YES;
				CLANG_WARN__DUPLICATE_METHOD_MATCH = YES;
				"CODE_SIGN_IDENTITY[sdk=iphoneos*]" = "iPhone Developer";
				COPY_PHASE_STRIP = NO;
				DEBUG_INFORMATION_FORMAT = "dwarf-with-dsym";
				ENABLE_NS_ASSERTIONS = NO;
				ENABLE_STRICT_OBJC_MSGSEND = YES;
				GCC_C_LANGUAGE_STANDARD = gnu99;
				GCC_NO_COMMON_BLOCKS = YES;
				GCC_WARN_64_TO_32_BIT_CONVERSION = YES;
				GCC_WARN_ABOUT_RETURN_TYPE = YES_ERROR;
				GCC_WARN_UNDECLARED_SELECTOR = YES;
				GCC_WARN_UNINITIALIZED_AUTOS = YES_AGGRESSIVE;
				GCC_WARN_UNUSED_FUNCTION = YES;
				GCC_WARN_UNUSED_VARIABLE = YES;
				IPHONEOS_DEPLOYMENT_TARGET = 10.2;
				MTL_ENABLE_DEBUG_INFO = NO;
				SDKROOT = iphoneos;
				SWIFT_OPTIMIZATION_LEVEL = "-Owholemodule";
				TARGETED_DEVICE_FAMILY = "1,2";
				VALIDATE_PRODUCT = YES;
			};
			name = Release;
		};
		21D3F7B61E8B8893004975BB /* Debug */ = {
			isa = XCBuildConfiguration;
			baseConfigurationReference = 4B17B34B139E5770A7FA93E2 /* Pods-DiscountSearcher.debug.xcconfig */;
			buildSettings = {
				ASSETCATALOG_COMPILER_APPICON_NAME = AppIcon;
				DEVELOPMENT_TEAM = 8SJWF8EL5B;
				INFOPLIST_FILE = DiscountSearcher/Info.plist;
				LD_RUNPATH_SEARCH_PATHS = "$(inherited) @executable_path/Frameworks";
				PRODUCT_BUNDLE_IDENTIFIER = com.leon.DiscountSearcher;
				PRODUCT_NAME = "$(TARGET_NAME)";
				SWIFT_VERSION = 3.0;
			};
			name = Debug;
		};
		21D3F7B71E8B8893004975BB /* Release */ = {
			isa = XCBuildConfiguration;
			baseConfigurationReference = 0DD19296D4C08C05A68DE000 /* Pods-DiscountSearcher.release.xcconfig */;
			buildSettings = {
				ASSETCATALOG_COMPILER_APPICON_NAME = AppIcon;
				DEVELOPMENT_TEAM = 8SJWF8EL5B;
				INFOPLIST_FILE = DiscountSearcher/Info.plist;
				LD_RUNPATH_SEARCH_PATHS = "$(inherited) @executable_path/Frameworks";
				PRODUCT_BUNDLE_IDENTIFIER = com.leon.DiscountSearcher;
				PRODUCT_NAME = "$(TARGET_NAME)";
				SWIFT_VERSION = 3.0;
			};
			name = Release;
		};
		21F8082B1EA78B9600CCAB0B /* Debug */ = {
			isa = XCBuildConfiguration;
			buildSettings = {
				BUNDLE_LOADER = "$(TEST_HOST)";
				CLANG_ANALYZER_NUMBER_OBJECT_CONVERSION = YES_AGGRESSIVE;
				DEVELOPMENT_TEAM = 8SJWF8EL5B;
				INFOPLIST_FILE = DiscountSearcherTests/Info.plist;
				IPHONEOS_DEPLOYMENT_TARGET = 10.3;
				LD_RUNPATH_SEARCH_PATHS = "$(inherited) @executable_path/Frameworks @loader_path/Frameworks";
				PRODUCT_BUNDLE_IDENTIFIER = com.leon.DiscountSearcherTests;
				PRODUCT_NAME = "$(TARGET_NAME)";
				SWIFT_VERSION = 3.0;
				TEST_HOST = "$(BUILT_PRODUCTS_DIR)/DiscountSearcher.app/DiscountSearcher";
			};
			name = Debug;
		};
		21F8082C1EA78B9600CCAB0B /* Release */ = {
			isa = XCBuildConfiguration;
			buildSettings = {
				BUNDLE_LOADER = "$(TEST_HOST)";
				CLANG_ANALYZER_NUMBER_OBJECT_CONVERSION = YES_AGGRESSIVE;
				DEVELOPMENT_TEAM = 8SJWF8EL5B;
				INFOPLIST_FILE = DiscountSearcherTests/Info.plist;
				IPHONEOS_DEPLOYMENT_TARGET = 10.3;
				LD_RUNPATH_SEARCH_PATHS = "$(inherited) @executable_path/Frameworks @loader_path/Frameworks";
				PRODUCT_BUNDLE_IDENTIFIER = com.leon.DiscountSearcherTests;
				PRODUCT_NAME = "$(TARGET_NAME)";
				SWIFT_VERSION = 3.0;
				TEST_HOST = "$(BUILT_PRODUCTS_DIR)/DiscountSearcher.app/DiscountSearcher";
			};
			name = Release;
		};
/* End XCBuildConfiguration section */

/* Begin XCConfigurationList section */
		21D3F79E1E8B8892004975BB /* Build configuration list for PBXProject "DiscountSearcher" */ = {
			isa = XCConfigurationList;
			buildConfigurations = (
				21D3F7B31E8B8893004975BB /* Debug */,
				21D3F7B41E8B8893004975BB /* Release */,
			);
			defaultConfigurationIsVisible = 0;
			defaultConfigurationName = Release;
		};
		21D3F7B51E8B8893004975BB /* Build configuration list for PBXNativeTarget "DiscountSearcher" */ = {
			isa = XCConfigurationList;
			buildConfigurations = (
				21D3F7B61E8B8893004975BB /* Debug */,
				21D3F7B71E8B8893004975BB /* Release */,
			);
			defaultConfigurationIsVisible = 0;
			defaultConfigurationName = Release;
		};
		21F8082A1EA78B9600CCAB0B /* Build configuration list for PBXNativeTarget "DiscountSearcherTests" */ = {
			isa = XCConfigurationList;
			buildConfigurations = (
				21F8082B1EA78B9600CCAB0B /* Debug */,
				21F8082C1EA78B9600CCAB0B /* Release */,
			);
			defaultConfigurationIsVisible = 0;
			defaultConfigurationName = Release;
		};
/* End XCConfigurationList section */
	};
	rootObject = 21D3F79B1E8B8892004975BB /* Project object */;
}
